
Microsoft Visual Studio Solution File, Format Version 12.00
# Visual Studio Version 17
VisualStudioVersion = 17.1.32421.90
MinimumVisualStudioVersion = 10.0.40219.1
Project("{FAE04EC0-301F-11D3-BF4B-00C04F79EFBC}") = "TIM.Lib", "TIM.Lib.csproj", "{19711FF5-96D9-478B-8FD6-569DB4070DCF}"
EndProject
Global
	GlobalSection(SolutionConfigurationPlatforms) = preSolution
		Debug|Any CPU = Debug|Any CPU
		Release|Any CPU = Release|Any CPU
	EndGlobalSection
	GlobalSection(ProjectConfigurationPlatforms) = postSolution
		{19711FF5-96D9-478B-8FD6-569DB4070DCF}.Debug|Any CPU.ActiveCfg = Debug|Any CPU
		{19711FF5-96D9-478B-8FD6-569DB4070DCF}.Debug|Any CPU.Build.0 = Debug|Any CPU
		{19711FF5-96D9-478B-8FD6-569DB4070DCF}.Release|Any CPU.ActiveCfg = Release|Any CPU
		{19711FF5-96D9-478B-8FD6-569DB4070DCF}.Release|Any CPU.Build.0 = Release|Any CPU
	EndGlobalSection
	GlobalSection(SolutionProperties) = preSolution
		HideSolutionNode = FALSE
	EndGlobalSection
	GlobalSection(ExtensibilityGlobals) = postSolution
		SolutionGuid = {2B1A9701-EFA0-4C2D-8EF5-EB66AB3C6DEC}
	EndGlobalSection
EndGlobal
